
Microsoft Visual Studio Solution File, Format Version 12.00
# Visual Studio Version 16
VisualStudioVersion = 16.0.30907.101
MinimumVisualStudioVersion = 10.0.40219.1
Project("{FAE04EC0-301F-11D3-BF4B-00C04F79EFBC}") = "ProyectoFicherosCarpetas_DiegoMendez", "ProyectoFicherosCarpetas_DiegoMendez.csproj", "{9BACC168-7893-4626-ABD9-689B5FAEBFC5}"
EndProject
Global
	GlobalSection(SolutionConfigurationPlatforms) = preSolution
		Debug|Any CPU = Debug|Any CPU
		Release|Any CPU = Release|Any CPU
	EndGlobalSection
	GlobalSection(ProjectConfigurationPlatforms) = postSolution
		{9BACC168-7893-4626-ABD9-689B5FAEBFC5}.Debug|Any CPU.ActiveCfg = Debug|Any CPU
		{9BACC168-7893-4626-ABD9-689B5FAEBFC5}.Debug|Any CPU.Build.0 = Debug|Any CPU
		{9BACC168-7893-4626-ABD9-689B5FAEBFC5}.Release|Any CPU.ActiveCfg = Release|Any CPU
		{9BACC168-7893-4626-ABD9-689B5FAEBFC5}.Release|Any CPU.Build.0 = Release|Any CPU
	EndGlobalSection
	GlobalSection(SolutionProperties) = preSolution
		HideSolutionNode = FALSE
	EndGlobalSection
	GlobalSection(ExtensibilityGlobals) = postSolution
		SolutionGuid = {EE19F8C1-C692-4A68-8075-F281CA45228C}
	EndGlobalSection
EndGlobal
